
Microsoft Visual Studio Solution File, Format Version 12.00
# Visual Studio 15
VisualStudioVersion = 15.0.28307.421
MinimumVisualStudioVersion = 10.0.40219.1
Project("{FAE04EC0-301F-11D3-BF4B-00C04F79EFBC}") = "AmigosApp.Android", "AmigosApp\AmigosApp.Android\AmigosApp.Android.csproj", "{188CF1B5-2B66-4E98-A737-E80139025393}"
EndProject
Project("{FAE04EC0-301F-11D3-BF4B-00C04F79EFBC}") = "AmigosApp.iOS", "AmigosApp\AmigosApp.iOS\AmigosApp.iOS.csproj", "{599E773E-0398-46FC-AECA-141BD95CEB08}"
EndProject
Project("{FAE04EC0-301F-11D3-BF4B-00C04F79EFBC}") = "AmigosApp", "AmigosApp\AmigosApp\AmigosApp.csproj", "{563B53AC-57B7-43EC-BA67-E2F06178E3FC}"
EndProject
Global
	GlobalSection(SolutionConfigurationPlatforms) = preSolution
		Ad-Hoc|Any CPU = Ad-Hoc|Any CPU
		Ad-Hoc|iPhone = Ad-Hoc|iPhone
		Ad-Hoc|iPhoneSimulator = Ad-Hoc|iPhoneSimulator
		AppStore|Any CPU = AppStore|Any CPU
		AppStore|iPhone = AppStore|iPhone
		AppStore|iPhoneSimulator = AppStore|iPhoneSimulator
		Debug|Any CPU = Debug|Any CPU
		Debug|iPhone = Debug|iPhone
		Debug|iPhoneSimulator = Debug|iPhoneSimulator
		Release|Any CPU = Release|Any CPU
		Release|iPhone = Release|iPhone
		Release|iPhoneSimulator = Release|iPhoneSimulator
	EndGlobalSection
	GlobalSection(ProjectConfigurationPlatforms) = postSolution
		{188CF1B5-2B66-4E98-A737-E80139025393}.Ad-Hoc|Any CPU.ActiveCfg = Release|Any CPU
		{188CF1B5-2B66-4E98-A737-E80139025393}.Ad-Hoc|Any CPU.Build.0 = Release|Any CPU
		{188CF1B5-2B66-4E98-A737-E80139025393}.Ad-Hoc|Any CPU.Deploy.0 = Release|Any CPU
		{188CF1B5-2B66-4E98-A737-E80139025393}.Ad-Hoc|iPhone.ActiveCfg = Release|Any CPU
		{188CF1B5-2B66-4E98-A737-E80139025393}.Ad-Hoc|iPhone.Build.0 = Release|Any CPU
		{188CF1B5-2B66-4E98-A737-E80139025393}.Ad-Hoc|iPhone.Deploy.0 = Release|Any CPU
		{188CF1B5-2B66-4E98-A737-E80139025393}.Ad-Hoc|iPhoneSimulator.ActiveCfg = Release|Any CPU
		{188CF1B5-2B66-4E98-A737-E80139025393}.Ad-Hoc|iPhoneSimulator.Build.0 = Release|Any CPU
		{188CF1B5-2B66-4E98-A737-E80139025393}.Ad-Hoc|iPhoneSimulator.Deploy.0 = Release|Any CPU
		{188CF1B5-2B66-4E98-A737-E80139025393}.AppStore|Any CPU.ActiveCfg = Release|Any CPU
		{188CF1B5-2B66-4E98-A737-E80139025393}.AppStore|Any CPU.Build.0 = Release|Any CPU
		{188CF1B5-2B66-4E98-A737-E80139025393}.AppStore|Any CPU.Deploy.0 = Release|Any CPU
		{188CF1B5-2B66-4E98-A737-E80139025393}.AppStore|iPhone.ActiveCfg = Release|Any CPU
		{188CF1B5-2B66-4E98-A737-E80139025393}.AppStore|iPhone.Build.0 = Release|Any CPU
		{188CF1B5-2B66-4E98-A737-E80139025393}.AppStore|iPhone.Deploy.0 = Release|Any CPU
		{188CF1B5-2B66-4E98-A737-E80139025393}.AppStore|iPhoneSimulator.ActiveCfg = Release|Any CPU
		{188CF1B5-2B66-4E98-A737-E80139025393}.AppStore|iPhoneSimulator.Build.0 = Release|Any CPU
		{188CF1B5-2B66-4E98-A737-E80139025393}.AppStore|iPhoneSimulator.Deploy.0 = Release|Any CPU
		{188CF1B5-2B66-4E98-A737-E80139025393}.Debug|Any CPU.ActiveCfg = Debug|Any CPU
		{188CF1B5-2B66-4E98-A737-E80139025393}.Debug|Any CPU.Build.0 = Debug|Any CPU
		{188CF1B5-2B66-4E98-A737-E80139025393}.Debug|Any CPU.Deploy.0 = Debug|Any CPU
		{188CF1B5-2B66-4E98-A737-E80139025393}.Debug|iPhone.ActiveCfg = Debug|Any CPU
		{188CF1B5-2B66-4E98-A737-E80139025393}.Debug|iPhone.Build.0 = Debug|Any CPU
		{188CF1B5-2B66-4E98-A737-E80139025393}.Debug|iPhone.Deploy.0 = Debug|Any CPU
		{188CF1B5-2B66-4E98-A737-E80139025393}.Debug|iPhoneSimulator.ActiveCfg = Debug|Any CPU
		{188CF1B5-2B66-4E98-A737-E80139025393}.Debug|iPhoneSimulator.Build.0 = Debug|Any CPU
		{188CF1B5-2B66-4E98-A737-E80139025393}.Debug|iPhoneSimulator.Deploy.0 = Debug|Any CPU
		{188CF1B5-2B66-4E98-A737-E80139025393}.Release|Any CPU.ActiveCfg = Release|Any CPU
		{188CF1B5-2B66-4E98-A737-E80139025393}.Release|Any CPU.Build.0 = Release|Any CPU
		{188CF1B5-2B66-4E98-A737-E80139025393}.Release|Any CPU.Deploy.0 = Release|Any CPU
		{188CF1B5-2B66-4E98-A737-E80139025393}.Release|iPhone.ActiveCfg = Release|Any CPU
		{188CF1B5-2B66-4E98-A737-E80139025393}.Release|iPhone.Build.0 = Release|Any CPU
		{188CF1B5-2B66-4E98-A737-E80139025393}.Release|iPhone.Deploy.0 = Release|Any CPU
		{188CF1B5-2B66-4E98-A737-E80139025393}.Release|iPhoneSimulator.ActiveCfg = Release|Any CPU
		{188CF1B5-2B66-4E98-A737-E80139025393}.Release|iPhoneSimulator.Build.0 = Release|Any CPU
		{188CF1B5-2B66-4E98-A737-E80139025393}.Release|iPhoneSimulator.Deploy.0 = Release|Any CPU
		{599E773E-0398-46FC-AECA-141BD95CEB08}.Ad-Hoc|Any CPU.ActiveCfg = Ad-Hoc|iPhone
		{599E773E-0398-46FC-AECA-141BD95CEB08}.Ad-Hoc|Any CPU.Build.0 = Ad-Hoc|iPhone
		{599E773E-0398-46FC-AECA-141BD95CEB08}.Ad-Hoc|Any CPU.Deploy.0 = Ad-Hoc|iPhone
		{599E773E-0398-46FC-AECA-141BD95CEB08}.Ad-Hoc|iPhone.ActiveCfg = Ad-Hoc|iPhone
		{599E773E-0398-46FC-AECA-141BD95CEB08}.Ad-Hoc|iPhone.Build.0 = Ad-Hoc|iPhone
		{599E773E-0398-46FC-AECA-141BD95CEB08}.Ad-Hoc|iPhone.Deploy.0 = Ad-Hoc|iPhone
		{599E773E-0398-46FC-AECA-141BD95CEB08}.Ad-Hoc|iPhoneSimulator.ActiveCfg = Ad-Hoc|iPhoneSimulator
		{599E773E-0398-46FC-AECA-141BD95CEB08}.Ad-Hoc|iPhoneSimulator.Build.0 = Ad-Hoc|iPhoneSimulator
		{599E773E-0398-46FC-AECA-141BD95CEB08}.Ad-Hoc|iPhoneSimulator.Deploy.0 = Ad-Hoc|iPhoneSimulator
		{599E773E-0398-46FC-AECA-141BD95CEB08}.AppStore|Any CPU.ActiveCfg = AppStore|iPhone
		{599E773E-0398-46FC-AECA-141BD95CEB08}.AppStore|Any CPU.Build.0 = AppStore|iPhone
		{599E773E-0398-46FC-AECA-141BD95CEB08}.AppStore|Any CPU.Deploy.0 = AppStore|iPhone
		{599E773E-0398-46FC-AECA-141BD95CEB08}.AppStore|iPhone.ActiveCfg = AppStore|iPhone
		{599E773E-0398-46FC-AECA-141BD95CEB08}.AppStore|iPhone.Build.0 = AppStore|iPhone
		{599E773E-0398-46FC-AECA-141BD95CEB08}.AppStore|iPhone.Deploy.0 = AppStore|iPhone
		{599E773E-0398-46FC-AECA-141BD95CEB08}.AppStore|iPhoneSimulator.ActiveCfg = AppStore|iPhoneSimulator
		{599E773E-0398-46FC-AECA-141BD95CEB08}.AppStore|iPhoneSimulator.Build.0 = AppStore|iPhoneSimulator
		{599E773E-0398-46FC-AECA-141BD95CEB08}.AppStore|iPhoneSimulator.Deploy.0 = AppStore|iPhoneSimulator
		{599E773E-0398-46FC-AECA-141BD95CEB08}.Debug|Any CPU.ActiveCfg = Debug|iPhoneSimulator
		{599E773E-0398-46FC-AECA-141BD95CEB08}.Debug|Any CPU.Build.0 = Debug|iPhoneSimulator
		{599E773E-0398-46FC-AECA-141BD95CEB08}.Debug|Any CPU.Deploy.0 = Debug|iPhoneSimulator
		{599E773E-0398-46FC-AECA-141BD95CEB08}.Debug|iPhone.ActiveCfg = Debug|iPhone
		{599E773E-0398-46FC-AECA-141BD95CEB08}.Debug|iPhone.Build.0 = Debug|iPhone
		{599E773E-0398-46FC-AECA-141BD95CEB08}.Debug|iPhone.Deploy.0 = Debug|iPhone
		{599E773E-0398-46FC-AECA-141BD95CEB08}.Debug|iPhoneSimulator.ActiveCfg = Debug|iPhoneSimulator
		{599E773E-0398-46FC-AECA-141BD95CEB08}.Debug|iPhoneSimulator.Build.0 = Debug|iPhoneSimulator
		{599E773E-0398-46FC-AECA-141BD95CEB08}.Debug|iPhoneSimulator.Deploy.0 = Debug|iPhoneSimulator
		{599E773E-0398-46FC-AECA-141BD95CEB08}.Release|Any CPU.ActiveCfg = Release|iPhone
		{599E773E-0398-46FC-AECA-141BD95CEB08}.Release|Any CPU.Build.0 = Release|iPhone
		{599E773E-0398-46FC-AECA-141BD95CEB08}.Release|Any CPU.Deploy.0 = Release|iPhone
		{599E773E-0398-46FC-AECA-141BD95CEB08}.Release|iPhone.ActiveCfg = Release|iPhone
		{599E773E-0398-46FC-AECA-141BD95CEB08}.Release|iPhone.Build.0 = Release|iPhone
		{599E773E-0398-46FC-AECA-141BD95CEB08}.Release|iPhone.Deploy.0 = Release|iPhone
		{599E773E-0398-46FC-AECA-141BD95CEB08}.Release|iPhoneSimulator.ActiveCfg = Release|iPhoneSimulator
		{599E773E-0398-46FC-AECA-141BD95CEB08}.Release|iPhoneSimulator.Build.0 = Release|iPhoneSimulator
		{599E773E-0398-46FC-AECA-141BD95CEB08}.Release|iPhoneSimulator.Deploy.0 = Release|iPhoneSimulator
		{563B53AC-57B7-43EC-BA67-E2F06178E3FC}.Ad-Hoc|Any CPU.ActiveCfg = Debug|Any CPU
		{563B53AC-57B7-43EC-BA67-E2F06178E3FC}.Ad-Hoc|Any CPU.Build.0 = Debug|Any CPU
		{563B53AC-57B7-43EC-BA67-E2F06178E3FC}.Ad-Hoc|Any CPU.Deploy.0 = Debug|Any CPU
		{563B53AC-57B7-43EC-BA67-E2F06178E3FC}.Ad-Hoc|iPhone.ActiveCfg = Debug|Any CPU
		{563B53AC-57B7-43EC-BA67-E2F06178E3FC}.Ad-Hoc|iPhone.Build.0 = Debug|Any CPU
		{563B53AC-57B7-43EC-BA67-E2F06178E3FC}.Ad-Hoc|iPhone.Deploy.0 = Debug|Any CPU
		{563B53AC-57B7-43EC-BA67-E2F06178E3FC}.Ad-Hoc|iPhoneSimulator.ActiveCfg = Debug|Any CPU
		{563B53AC-57B7-43EC-BA67-E2F06178E3FC}.Ad-Hoc|iPhoneSimulator.Build.0 = Debug|Any CPU
		{563B53AC-57B7-43EC-BA67-E2F06178E3FC}.Ad-Hoc|iPhoneSimulator.Deploy.0 = Debug|Any CPU
		{563B53AC-57B7-43EC-BA67-E2F06178E3FC}.AppStore|Any CPU.ActiveCfg = Debug|Any CPU
		{563B53AC-57B7-43EC-BA67-E2F06178E3FC}.AppStore|Any CPU.Build.0 = Debug|Any CPU
		{563B53AC-57B7-43EC-BA67-E2F06178E3FC}.AppStore|Any CPU.Deploy.0 = Debug|Any CPU
		{563B53AC-57B7-43EC-BA67-E2F06178E3FC}.AppStore|iPhone.ActiveCfg = Debug|Any CPU
		{563B53AC-57B7-43EC-BA67-E2F06178E3FC}.AppStore|iPhone.Build.0 = Debug|Any CPU
		{563B53AC-57B7-43EC-BA67-E2F06178E3FC}.AppStore|iPhone.Deploy.0 = Debug|Any CPU
		{563B53AC-57B7-43EC-BA67-E2F06178E3FC}.AppStore|iPhoneSimulator.ActiveCfg = Debug|Any CPU
		{563B53AC-57B7-43EC-BA67-E2F06178E3FC}.AppStore|iPhoneSimulator.Build.0 = Debug|Any CPU
		{563B53AC-57B7-43EC-BA67-E2F06178E3FC}.AppStore|iPhoneSimulator.Deploy.0 = Debug|Any CPU
		{563B53AC-57B7-43EC-BA67-E2F06178E3FC}.Debug|Any CPU.ActiveCfg = Debug|Any CPU
		{563B53AC-57B7-43EC-BA67-E2F06178E3FC}.Debug|Any CPU.Build.0 = Debug|Any CPU
		{563B53AC-57B7-43EC-BA67-E2F06178E3FC}.Debug|Any CPU.Deploy.0 = Debug|Any CPU
		{563B53AC-57B7-43EC-BA67-E2F06178E3FC}.Debug|iPhone.ActiveCfg = Debug|Any CPU
		{563B53AC-57B7-43EC-BA67-E2F06178E3FC}.Debug|iPhone.Build.0 = Debug|Any CPU
		{563B53AC-57B7-43EC-BA67-E2F06178E3FC}.Debug|iPhone.Deploy.0 = Debug|Any CPU
		{563B53AC-57B7-43EC-BA67-E2F06178E3FC}.Debug|iPhoneSimulator.ActiveCfg = Debug|Any CPU
		{563B53AC-57B7-43EC-BA67-E2F06178E3FC}.Debug|iPhoneSimulator.Build.0 = Debug|Any CPU
		{563B53AC-57B7-43EC-BA67-E2F06178E3FC}.Debug|iPhoneSimulator.Deploy.0 = Debug|Any CPU
		{563B53AC-57B7-43EC-BA67-E2F06178E3FC}.Release|Any CPU.ActiveCfg = Release|Any CPU
		{563B53AC-57B7-43EC-BA67-E2F06178E3FC}.Release|Any CPU.Build.0 = Release|Any CPU
		{563B53AC-57B7-43EC-BA67-E2F06178E3FC}.Release|Any CPU.Deploy.0 = Release|Any CPU
		{563B53AC-57B7-43EC-BA67-E2F06178E3FC}.Release|iPhone.ActiveCfg = Release|Any CPU
		{563B53AC-57B7-43EC-BA67-E2F06178E3FC}.Release|iPhone.Build.0 = Release|Any CPU
		{563B53AC-57B7-43EC-BA67-E2F06178E3FC}.Release|iPhone.Deploy.0 = Release|Any CPU
		{563B53AC-57B7-43EC-BA67-E2F06178E3FC}.Release|iPhoneSimulator.ActiveCfg = Release|Any CPU
		{563B53AC-57B7-43EC-BA67-E2F06178E3FC}.Release|iPhoneSimulator.Build.0 = Release|Any CPU
		{563B53AC-57B7-43EC-BA67-E2F06178E3FC}.Release|iPhoneSimulator.Deploy.0 = Release|Any CPU
	EndGlobalSection
	GlobalSection(SolutionProperties) = preSolution
		HideSolutionNode = FALSE
	EndGlobalSection
	GlobalSection(ExtensibilityGlobals) = postSolution
		SolutionGuid = {F40D75B5-51E6-48E6-A8E6-E0F7C200BC80}
	EndGlobalSection
EndGlobal
